
Microsoft Visual Studio Solution File, Format Version 12.00
# Visual Studio Version 16
VisualStudioVersion = 16.0.29613.14
MinimumVisualStudioVersion = 10.0.40219.1
Project("{FAE04EC0-301F-11D3-BF4B-00C04F79EFBC}") = "jenboc-paint", "jenboc-paint.csproj", "{C72F5AB4-C4A0-4282-9081-772F78F84BA8}"
EndProject
Global
	GlobalSection(SolutionConfigurationPlatforms) = preSolution
		Debug|Any CPU = Debug|Any CPU
		Release|Any CPU = Release|Any CPU
	EndGlobalSection
	GlobalSection(ProjectConfigurationPlatforms) = postSolution
		{C72F5AB4-C4A0-4282-9081-772F78F84BA8}.Debug|Any CPU.ActiveCfg = Debug|Any CPU
		{C72F5AB4-C4A0-4282-9081-772F78F84BA8}.Debug|Any CPU.Build.0 = Debug|Any CPU
		{C72F5AB4-C4A0-4282-9081-772F78F84BA8}.Release|Any CPU.ActiveCfg = Release|Any CPU
		{C72F5AB4-C4A0-4282-9081-772F78F84BA8}.Release|Any CPU.Build.0 = Release|Any CPU
	EndGlobalSection
	GlobalSection(SolutionProperties) = preSolution
		HideSolutionNode = FALSE
	EndGlobalSection
	GlobalSection(ExtensibilityGlobals) = postSolution
		SolutionGuid = {B588AADE-AAB1-494C-B4F4-814065359781}
	EndGlobalSection
EndGlobal
